
Microsoft Visual Studio Solution File, Format Version 12.00
# Visual Studio Version 17
VisualStudioVersion = 17.3.32901.215
MinimumVisualStudioVersion = 10.0.40219.1
Project("{FAE04EC0-301F-11D3-BF4B-00C04F79EFBC}") = "project_ht22_group7", "project_ht22_group7\project_ht22_group7.csproj", "{7C9E7CA6-B999-428B-B959-12C1EA79CF22}"
EndProject
Global
	GlobalSection(SolutionConfigurationPlatforms) = preSolution
		Debug|Any CPU = Debug|Any CPU
		Release|Any CPU = Release|Any CPU
	EndGlobalSection
	GlobalSection(ProjectConfigurationPlatforms) = postSolution
		{7C9E7CA6-B999-428B-B959-12C1EA79CF22}.Debug|Any CPU.ActiveCfg = Debug|Any CPU
		{7C9E7CA6-B999-428B-B959-12C1EA79CF22}.Debug|Any CPU.Build.0 = Debug|Any CPU
		{7C9E7CA6-B999-428B-B959-12C1EA79CF22}.Release|Any CPU.ActiveCfg = Release|Any CPU
		{7C9E7CA6-B999-428B-B959-12C1EA79CF22}.Release|Any CPU.Build.0 = Release|Any CPU
	EndGlobalSection
	GlobalSection(SolutionProperties) = preSolution
		HideSolutionNode = FALSE
	EndGlobalSection
	GlobalSection(ExtensibilityGlobals) = postSolution
		SolutionGuid = {0CDDDD36-79B9-42F8-A698-E269FA6D6794}
	EndGlobalSection
EndGlobal
